
Microsoft Visual Studio Solution File, Format Version 12.00
# Visual Studio Version 17
VisualStudioVersion = 17.9.34607.119
MinimumVisualStudioVersion = 10.0.40219.1
Project("{FAE04EC0-301F-11D3-BF4B-00C04F79EFBC}") = "SampleWebApiApp", "SampleWebApiApp.csproj", "{5C9C1DCD-435A-4EEA-9A94-FE52F80EF7A6}"
EndProject
Global
	GlobalSection(SolutionConfigurationPlatforms) = preSolution
		Debug|Any CPU = Debug|Any CPU
		Release|Any CPU = Release|Any CPU
	EndGlobalSection
	GlobalSection(ProjectConfigurationPlatforms) = postSolution
		{5C9C1DCD-435A-4EEA-9A94-FE52F80EF7A6}.Debug|Any CPU.ActiveCfg = Debug|Any CPU
		{5C9C1DCD-435A-4EEA-9A94-FE52F80EF7A6}.Debug|Any CPU.Build.0 = Debug|Any CPU
		{5C9C1DCD-435A-4EEA-9A94-FE52F80EF7A6}.Release|Any CPU.ActiveCfg = Release|Any CPU
		{5C9C1DCD-435A-4EEA-9A94-FE52F80EF7A6}.Release|Any CPU.Build.0 = Release|Any CPU
	EndGlobalSection
	GlobalSection(SolutionProperties) = preSolution
		HideSolutionNode = FALSE
	EndGlobalSection
	GlobalSection(ExtensibilityGlobals) = postSolution
		SolutionGuid = {F3972B43-56C1-4717-9150-F715FF617F66}
	EndGlobalSection
EndGlobal
