
Microsoft Visual Studio Solution File, Format Version 12.00
# Visual Studio Version 17
VisualStudioVersion = 17.9.34607.119
MinimumVisualStudioVersion = 10.0.40219.1
Project("{FAE04EC0-301F-11D3-BF4B-00C04F79EFBC}") = "ReflectionDemo.LibraryApp", "ReflectionDemo.LibraryApp.csproj", "{DE5DAB9C-4FC6-4F2E-BE0D-44B8DDAC89D6}"
EndProject
Project("{FAE04EC0-301F-11D3-BF4B-00C04F79EFBC}") = "ReflectionDemo.UI", "..\ReflectionDemo.UI\ReflectionDemo.UI.csproj", "{25A48ED0-FE49-4530-BBC2-24EDD9A56219}"
EndProject
Global
	GlobalSection(SolutionConfigurationPlatforms) = preSolution
		Debug|Any CPU = Debug|Any CPU
		Release|Any CPU = Release|Any CPU
	EndGlobalSection
	GlobalSection(ProjectConfigurationPlatforms) = postSolution
		{DE5DAB9C-4FC6-4F2E-BE0D-44B8DDAC89D6}.Debug|Any CPU.ActiveCfg = Debug|Any CPU
		{DE5DAB9C-4FC6-4F2E-BE0D-44B8DDAC89D6}.Debug|Any CPU.Build.0 = Debug|Any CPU
		{DE5DAB9C-4FC6-4F2E-BE0D-44B8DDAC89D6}.Release|Any CPU.ActiveCfg = Release|Any CPU
		{DE5DAB9C-4FC6-4F2E-BE0D-44B8DDAC89D6}.Release|Any CPU.Build.0 = Release|Any CPU
		{25A48ED0-FE49-4530-BBC2-24EDD9A56219}.Debug|Any CPU.ActiveCfg = Debug|Any CPU
		{25A48ED0-FE49-4530-BBC2-24EDD9A56219}.Debug|Any CPU.Build.0 = Debug|Any CPU
		{25A48ED0-FE49-4530-BBC2-24EDD9A56219}.Release|Any CPU.ActiveCfg = Release|Any CPU
		{25A48ED0-FE49-4530-BBC2-24EDD9A56219}.Release|Any CPU.Build.0 = Release|Any CPU
	EndGlobalSection
	GlobalSection(SolutionProperties) = preSolution
		HideSolutionNode = FALSE
	EndGlobalSection
	GlobalSection(ExtensibilityGlobals) = postSolution
		SolutionGuid = {CAEEA0AE-483C-4AA4-96FE-CF3D5A48C6C7}
	EndGlobalSection
EndGlobal
