
Microsoft Visual Studio Solution File, Format Version 12.00
# Visual Studio Version 17
VisualStudioVersion = 17.9.34607.119
MinimumVisualStudioVersion = 10.0.40219.1
Project("{FAE04EC0-301F-11D3-BF4B-00C04F79EFBC}") = "PayrollApp", "PayrollApp.csproj", "{C3A2ED44-6702-42CF-88B4-E492C6A6FD27}"
EndProject
Global
	GlobalSection(SolutionConfigurationPlatforms) = preSolution
		Debug|Any CPU = Debug|Any CPU
		Release|Any CPU = Release|Any CPU
	EndGlobalSection
	GlobalSection(ProjectConfigurationPlatforms) = postSolution
		{C3A2ED44-6702-42CF-88B4-E492C6A6FD27}.Debug|Any CPU.ActiveCfg = Debug|Any CPU
		{C3A2ED44-6702-42CF-88B4-E492C6A6FD27}.Debug|Any CPU.Build.0 = Debug|Any CPU
		{C3A2ED44-6702-42CF-88B4-E492C6A6FD27}.Release|Any CPU.ActiveCfg = Release|Any CPU
		{C3A2ED44-6702-42CF-88B4-E492C6A6FD27}.Release|Any CPU.Build.0 = Release|Any CPU
	EndGlobalSection
	GlobalSection(SolutionProperties) = preSolution
		HideSolutionNode = FALSE
	EndGlobalSection
	GlobalSection(ExtensibilityGlobals) = postSolution
		SolutionGuid = {10688C49-4948-4080-A127-4FF1DBC1855C}
	EndGlobalSection
EndGlobal
