
Microsoft Visual Studio Solution File, Format Version 12.00
# Visual Studio Version 17
VisualStudioVersion = 17.9.34607.119
MinimumVisualStudioVersion = 10.0.40219.1
Project("{FAE04EC0-301F-11D3-BF4B-00C04F79EFBC}") = "DIDemo", "DIDemo.csproj", "{A7450976-C1A6-4659-944B-F657850FC826}"
EndProject
Global
	GlobalSection(SolutionConfigurationPlatforms) = preSolution
		Debug|Any CPU = Debug|Any CPU
		Release|Any CPU = Release|Any CPU
	EndGlobalSection
	GlobalSection(ProjectConfigurationPlatforms) = postSolution
		{A7450976-C1A6-4659-944B-F657850FC826}.Debug|Any CPU.ActiveCfg = Debug|Any CPU
		{A7450976-C1A6-4659-944B-F657850FC826}.Debug|Any CPU.Build.0 = Debug|Any CPU
		{A7450976-C1A6-4659-944B-F657850FC826}.Release|Any CPU.ActiveCfg = Release|Any CPU
		{A7450976-C1A6-4659-944B-F657850FC826}.Release|Any CPU.Build.0 = Release|Any CPU
	EndGlobalSection
	GlobalSection(SolutionProperties) = preSolution
		HideSolutionNode = FALSE
	EndGlobalSection
	GlobalSection(ExtensibilityGlobals) = postSolution
		SolutionGuid = {FED6667A-82EC-44A2-98D5-1AC03DB32CE3}
	EndGlobalSection
EndGlobal
