
Microsoft Visual Studio Solution File, Format Version 12.00
# Visual Studio Version 17
VisualStudioVersion = 17.9.34607.119
MinimumVisualStudioVersion = 10.0.40219.1
Project("{FAE04EC0-301F-11D3-BF4B-00C04F79EFBC}") = "GenericApp", "GenericApp.csproj", "{77D19708-D254-4AF5-B75A-E785A41DC6BC}"
EndProject
Project("{FAE04EC0-301F-11D3-BF4B-00C04F79EFBC}") = "DelegateApp", "..\DelegateApp\DelegateApp.csproj", "{E0028B19-4ACF-4F44-BECB-8CE003767DD2}"
EndProject
Global
	GlobalSection(SolutionConfigurationPlatforms) = preSolution
		Debug|Any CPU = Debug|Any CPU
		Release|Any CPU = Release|Any CPU
	EndGlobalSection
	GlobalSection(ProjectConfigurationPlatforms) = postSolution
		{77D19708-D254-4AF5-B75A-E785A41DC6BC}.Debug|Any CPU.ActiveCfg = Debug|Any CPU
		{77D19708-D254-4AF5-B75A-E785A41DC6BC}.Debug|Any CPU.Build.0 = Debug|Any CPU
		{77D19708-D254-4AF5-B75A-E785A41DC6BC}.Release|Any CPU.ActiveCfg = Release|Any CPU
		{77D19708-D254-4AF5-B75A-E785A41DC6BC}.Release|Any CPU.Build.0 = Release|Any CPU
		{E0028B19-4ACF-4F44-BECB-8CE003767DD2}.Debug|Any CPU.ActiveCfg = Debug|Any CPU
		{E0028B19-4ACF-4F44-BECB-8CE003767DD2}.Debug|Any CPU.Build.0 = Debug|Any CPU
		{E0028B19-4ACF-4F44-BECB-8CE003767DD2}.Release|Any CPU.ActiveCfg = Release|Any CPU
		{E0028B19-4ACF-4F44-BECB-8CE003767DD2}.Release|Any CPU.Build.0 = Release|Any CPU
	EndGlobalSection
	GlobalSection(SolutionProperties) = preSolution
		HideSolutionNode = FALSE
	EndGlobalSection
	GlobalSection(ExtensibilityGlobals) = postSolution
		SolutionGuid = {2FDFC8DD-B826-47A5-A7DB-9D3C8BCC0F14}
	EndGlobalSection
EndGlobal
