
Microsoft Visual Studio Solution File, Format Version 12.00
# Visual Studio Version 17
VisualStudioVersion = 17.9.34607.119
MinimumVisualStudioVersion = 10.0.40219.1
Project("{FAE04EC0-301F-11D3-BF4B-00C04F79EFBC}") = "DelegateAndLambdaDemo", "DelegateAndLambdaDemo.csproj", "{EE9FA3E8-7382-4348-A67F-5FA6594D428B}"
EndProject
Project("{FAE04EC0-301F-11D3-BF4B-00C04F79EFBC}") = "LINQDemo", "..\LINQDemo\LINQDemo.csproj", "{4D7FE31E-1D02-46DF-A276-5679DA64863B}"
EndProject
Global
	GlobalSection(SolutionConfigurationPlatforms) = preSolution
		Debug|Any CPU = Debug|Any CPU
		Release|Any CPU = Release|Any CPU
	EndGlobalSection
	GlobalSection(ProjectConfigurationPlatforms) = postSolution
		{EE9FA3E8-7382-4348-A67F-5FA6594D428B}.Debug|Any CPU.ActiveCfg = Debug|Any CPU
		{EE9FA3E8-7382-4348-A67F-5FA6594D428B}.Debug|Any CPU.Build.0 = Debug|Any CPU
		{EE9FA3E8-7382-4348-A67F-5FA6594D428B}.Release|Any CPU.ActiveCfg = Release|Any CPU
		{EE9FA3E8-7382-4348-A67F-5FA6594D428B}.Release|Any CPU.Build.0 = Release|Any CPU
		{4D7FE31E-1D02-46DF-A276-5679DA64863B}.Debug|Any CPU.ActiveCfg = Debug|Any CPU
		{4D7FE31E-1D02-46DF-A276-5679DA64863B}.Debug|Any CPU.Build.0 = Debug|Any CPU
		{4D7FE31E-1D02-46DF-A276-5679DA64863B}.Release|Any CPU.ActiveCfg = Release|Any CPU
		{4D7FE31E-1D02-46DF-A276-5679DA64863B}.Release|Any CPU.Build.0 = Release|Any CPU
	EndGlobalSection
	GlobalSection(SolutionProperties) = preSolution
		HideSolutionNode = FALSE
	EndGlobalSection
	GlobalSection(ExtensibilityGlobals) = postSolution
		SolutionGuid = {3018770D-7FF7-4E63-8992-F27F0F7902A9}
	EndGlobalSection
EndGlobal
