
Microsoft Visual Studio Solution File, Format Version 12.00
# Visual Studio Version 17
VisualStudioVersion = 17.9.34607.119
MinimumVisualStudioVersion = 10.0.40219.1
Project("{FAE04EC0-301F-11D3-BF4B-00C04F79EFBC}") = "PMSApp", "PMSApp.csproj", "{D7C4830A-B4E5-40D1-BAC8-5FDA037DCE3E}"
EndProject
Global
	GlobalSection(SolutionConfigurationPlatforms) = preSolution
		Debug|Any CPU = Debug|Any CPU
		Release|Any CPU = Release|Any CPU
	EndGlobalSection
	GlobalSection(ProjectConfigurationPlatforms) = postSolution
		{D7C4830A-B4E5-40D1-BAC8-5FDA037DCE3E}.Debug|Any CPU.ActiveCfg = Debug|Any CPU
		{D7C4830A-B4E5-40D1-BAC8-5FDA037DCE3E}.Debug|Any CPU.Build.0 = Debug|Any CPU
		{D7C4830A-B4E5-40D1-BAC8-5FDA037DCE3E}.Release|Any CPU.ActiveCfg = Release|Any CPU
		{D7C4830A-B4E5-40D1-BAC8-5FDA037DCE3E}.Release|Any CPU.Build.0 = Release|Any CPU
	EndGlobalSection
	GlobalSection(SolutionProperties) = preSolution
		HideSolutionNode = FALSE
	EndGlobalSection
	GlobalSection(ExtensibilityGlobals) = postSolution
		SolutionGuid = {DD69BBB7-CF03-404F-A9A3-62951746215D}
	EndGlobalSection
EndGlobal
