
Microsoft Visual Studio Solution File, Format Version 12.00
# Visual Studio Version 17
VisualStudioVersion = 17.9.34607.119
MinimumVisualStudioVersion = 10.0.40219.1
Project("{FAE04EC0-301F-11D3-BF4B-00C04F79EFBC}") = "OutstandingPersonApp", "OutstandingPersonApp.csproj", "{C5FA61EC-F066-4F9F-A792-2737BBCBD42C}"
EndProject
Global
	GlobalSection(SolutionConfigurationPlatforms) = preSolution
		Debug|Any CPU = Debug|Any CPU
		Release|Any CPU = Release|Any CPU
	EndGlobalSection
	GlobalSection(ProjectConfigurationPlatforms) = postSolution
		{C5FA61EC-F066-4F9F-A792-2737BBCBD42C}.Debug|Any CPU.ActiveCfg = Debug|Any CPU
		{C5FA61EC-F066-4F9F-A792-2737BBCBD42C}.Debug|Any CPU.Build.0 = Debug|Any CPU
		{C5FA61EC-F066-4F9F-A792-2737BBCBD42C}.Release|Any CPU.ActiveCfg = Release|Any CPU
		{C5FA61EC-F066-4F9F-A792-2737BBCBD42C}.Release|Any CPU.Build.0 = Release|Any CPU
	EndGlobalSection
	GlobalSection(SolutionProperties) = preSolution
		HideSolutionNode = FALSE
	EndGlobalSection
	GlobalSection(ExtensibilityGlobals) = postSolution
		SolutionGuid = {782B07EB-9896-452B-9EA2-B7AF68670289}
	EndGlobalSection
EndGlobal
